
Microsoft Visual Studio Solution File, Format Version 12.00
# Visual Studio 15
VisualStudioVersion = 15.0.26430.6
MinimumVisualStudioVersion = 10.0.40219.1
Project("{FAE04EC0-301F-11D3-BF4B-00C04F79EFBC}") = "Avalara.AvaTax.netstandard11", "src\Avalara.AvaTax.netstandard11.csproj", "{328DF338-162C-4B38-9130-163D08B36AF4}"
EndProject
Project("{FAE04EC0-301F-11D3-BF4B-00C04F79EFBC}") = "Tests.Avalara.AvaTax.netstandard11", "tests\netstandard\Tests.Avalara.AvaTax.netstandard11.csproj", "{464DFD02-B28F-4742-91B4-752DA0F47B05}"
EndProject
Global
	GlobalSection(SolutionConfigurationPlatforms) = preSolution
		Debug|Any CPU = Debug|Any CPU
		Release|Any CPU = Release|Any CPU
	EndGlobalSection
	GlobalSection(ProjectConfigurationPlatforms) = postSolution
		{328DF338-162C-4B38-9130-163D08B36AF4}.Debug|Any CPU.ActiveCfg = Debug|Any CPU
		{328DF338-162C-4B38-9130-163D08B36AF4}.Debug|Any CPU.Build.0 = Debug|Any CPU
		{328DF338-162C-4B38-9130-163D08B36AF4}.Release|Any CPU.ActiveCfg = Release|Any CPU
		{328DF338-162C-4B38-9130-163D08B36AF4}.Release|Any CPU.Build.0 = Release|Any CPU
		{464DFD02-B28F-4742-91B4-752DA0F47B05}.Debug|Any CPU.ActiveCfg = Debug|Any CPU
		{464DFD02-B28F-4742-91B4-752DA0F47B05}.Debug|Any CPU.Build.0 = Debug|Any CPU
		{464DFD02-B28F-4742-91B4-752DA0F47B05}.Release|Any CPU.ActiveCfg = Release|Any CPU
		{464DFD02-B28F-4742-91B4-752DA0F47B05}.Release|Any CPU.Build.0 = Release|Any CPU
	EndGlobalSection
	GlobalSection(SolutionProperties) = preSolution
		HideSolutionNode = FALSE
	EndGlobalSection
EndGlobal
