
Microsoft Visual Studio Solution File, Format Version 12.00
# Visual Studio 14
VisualStudioVersion = 14.0.25420.1
MinimumVisualStudioVersion = 10.0.40219.1
Project("{FAE04EC0-301F-11D3-BF4B-00C04F79EFBC}") = "Avalara.AvaTax.net45", "src\Avalara.AvaTax.net45.csproj", "{66CED0CA-099D-4DB6-8DAC-5C84D575A4C3}"
EndProject
Project("{FAE04EC0-301F-11D3-BF4B-00C04F79EFBC}") = "Tests.Avalara.AvaTax.net45", "tests\net45\Tests.Avalara.AvaTax.net45.csproj", "{7795DCCE-84F1-4717-AF50-A60C2DE3DFD4}"
EndProject
Global
	GlobalSection(SolutionConfigurationPlatforms) = preSolution
		Debug|Any CPU = Debug|Any CPU
		Release|Any CPU = Release|Any CPU
	EndGlobalSection
	GlobalSection(ProjectConfigurationPlatforms) = postSolution
		{66CED0CA-099D-4DB6-8DAC-5C84D575A4C3}.Debug|Any CPU.ActiveCfg = Debug|Any CPU
		{66CED0CA-099D-4DB6-8DAC-5C84D575A4C3}.Debug|Any CPU.Build.0 = Debug|Any CPU
		{66CED0CA-099D-4DB6-8DAC-5C84D575A4C3}.Release|Any CPU.ActiveCfg = Release|Any CPU
		{66CED0CA-099D-4DB6-8DAC-5C84D575A4C3}.Release|Any CPU.Build.0 = Release|Any CPU
		{7795DCCE-84F1-4717-AF50-A60C2DE3DFD4}.Debug|Any CPU.ActiveCfg = Debug|Any CPU
		{7795DCCE-84F1-4717-AF50-A60C2DE3DFD4}.Debug|Any CPU.Build.0 = Debug|Any CPU
		{7795DCCE-84F1-4717-AF50-A60C2DE3DFD4}.Release|Any CPU.ActiveCfg = Release|Any CPU
		{7795DCCE-84F1-4717-AF50-A60C2DE3DFD4}.Release|Any CPU.Build.0 = Release|Any CPU
	EndGlobalSection
	GlobalSection(SolutionProperties) = preSolution
		HideSolutionNode = FALSE
	EndGlobalSection
EndGlobal
